
Microsoft Visual Studio Solution File, Format Version 12.00
# Visual Studio Version 17
VisualStudioVersion = 17.1.32210.238
MinimumVisualStudioVersion = 10.0.40219.1
Project("{FAE04EC0-301F-11D3-BF4B-00C04F79EFBC}") = "Encryption.Console", "Encryption.Console\Encryption.Console.csproj", "{4E540093-5A61-443E-90F4-1D3B9D0B444D}"
EndProject
Project("{FAE04EC0-301F-11D3-BF4B-00C04F79EFBC}") = "Encryption.WebSocketServer", "Encryption.WebSocketServer\Encryption.WebSocketServer.csproj", "{CA2F2E25-1619-4713-A4E8-B632274E080C}"
EndProject
Project("{FAE04EC0-301F-11D3-BF4B-00C04F79EFBC}") = "Encryption.WebSocketClient", "Encryption.WebSocketClient\Encryption.WebSocketClient.csproj", "{27F2E909-076E-4E30-88A7-3F3492A6F0AB}"
EndProject
Global
	GlobalSection(SolutionConfigurationPlatforms) = preSolution
		Debug|Any CPU = Debug|Any CPU
		Release|Any CPU = Release|Any CPU
	EndGlobalSection
	GlobalSection(ProjectConfigurationPlatforms) = postSolution
		{4E540093-5A61-443E-90F4-1D3B9D0B444D}.Debug|Any CPU.ActiveCfg = Debug|Any CPU
		{4E540093-5A61-443E-90F4-1D3B9D0B444D}.Debug|Any CPU.Build.0 = Debug|Any CPU
		{4E540093-5A61-443E-90F4-1D3B9D0B444D}.Release|Any CPU.ActiveCfg = Release|Any CPU
		{4E540093-5A61-443E-90F4-1D3B9D0B444D}.Release|Any CPU.Build.0 = Release|Any CPU
		{CA2F2E25-1619-4713-A4E8-B632274E080C}.Debug|Any CPU.ActiveCfg = Debug|Any CPU
		{CA2F2E25-1619-4713-A4E8-B632274E080C}.Debug|Any CPU.Build.0 = Debug|Any CPU
		{CA2F2E25-1619-4713-A4E8-B632274E080C}.Release|Any CPU.ActiveCfg = Release|Any CPU
		{CA2F2E25-1619-4713-A4E8-B632274E080C}.Release|Any CPU.Build.0 = Release|Any CPU
		{27F2E909-076E-4E30-88A7-3F3492A6F0AB}.Debug|Any CPU.ActiveCfg = Debug|Any CPU
		{27F2E909-076E-4E30-88A7-3F3492A6F0AB}.Debug|Any CPU.Build.0 = Debug|Any CPU
		{27F2E909-076E-4E30-88A7-3F3492A6F0AB}.Release|Any CPU.ActiveCfg = Release|Any CPU
		{27F2E909-076E-4E30-88A7-3F3492A6F0AB}.Release|Any CPU.Build.0 = Release|Any CPU
	EndGlobalSection
	GlobalSection(SolutionProperties) = preSolution
		HideSolutionNode = FALSE
	EndGlobalSection
	GlobalSection(ExtensibilityGlobals) = postSolution
		SolutionGuid = {74902044-343A-413B-A3AF-80E85FB1F80D}
	EndGlobalSection
EndGlobal
